<?xml version="1.0" encoding="utf-8"?>
<Project ToolsVersion="4.0" xmlns="http://schemas.microsoft.com/developer/msbuild/2003">
  <ItemGroup>
    <Filter Include="Source Files">
      <UniqueIdentifier>{4FC737F1-C7A5-4376-A066-2A32D752A2FF}</UniqueIdentifier>
      <Extensions>cpp;c;cc;cxx;def;odl;idl;hpj;bat;asm;asmx</Extensions>
    </Filter>
    <Filter Include="Entities">
      <UniqueIdentifier>{e748b346-c121-412c-b4cd-f39d6af0fbac}</UniqueIdentifier>
    </Filter>
    <Filter Include="Game">
      <UniqueIdentifier>{0e3c5e81-3210-444f-8d8a-d06de7601cc7}</UniqueIdentifier>
    </Filter>
    <Filter Include="Scenes">
      <UniqueIdentifier>{2f118e36-a52e-4885-8719-c117cd9ba749}</UniqueIdentifier>
    </Filter>
  </ItemGroup>
  <ItemGroup>
    <ClInclude Include="targetver.h">
      <Filter>Source Files</Filter>
    </ClInclude>
    <ClInclude Include="GoldBag.h">
      <Filter>Entities</Filter>
    </ClInclude>
    <ClInclude Include="GoldBagState.h">
      <Filter>Entities</Filter>
    </ClInclude>
    <ClInclude Include="EnemyCharacter.h">
      <Filter>Entities</Filter>
    </ClInclude>
    <ClInclude Include="EnemyState.h">
      <Filter>Entities</Filter>
    </ClInclude>
    <ClInclude Include="PlayerCharacter.h">
      <Filter>Entities</Filter>
    </ClInclude>
    <ClInclude Include="FireBall.h">
      <Filter>Entities</Filter>
    </ClInclude>
    <ClInclude Include="pch.h">
      <Filter>Source Files</Filter>
    </ClInclude>
    <ClInclude Include="TestScene.h">
      <Filter>Scenes</Filter>
    </ClInclude>
    <ClInclude Include="GameScenes.h">
      <Filter>Scenes</Filter>
    </ClInclude>
    <ClInclude Include="TitleScreenScene.h">
      <Filter>Scenes</Filter>
    </ClInclude>
    <ClInclude Include="Game.h">
      <Filter>Game</Filter>
    </ClInclude>
    <ClInclude Include="GameStructs.h">
      <Filter>Game</Filter>
    </ClInclude>
  </ItemGroup>
  <ItemGroup>
    <ClCompile Include="GoldBag.cpp">
      <Filter>Entities</Filter>
    </ClCompile>
    <ClCompile Include="GoldBagState.cpp">
      <Filter>Entities</Filter>
    </ClCompile>
    <ClCompile Include="EnemyCharacter.cpp">
      <Filter>Entities</Filter>
    </ClCompile>
    <ClCompile Include="EnemyState.cpp">
      <Filter>Entities</Filter>
    </ClCompile>
    <ClCompile Include="PlayerCharacter.cpp">
      <Filter>Entities</Filter>
    </ClCompile>
    <ClCompile Include="FireBall.cpp">
      <Filter>Entities</Filter>
    </ClCompile>
    <ClCompile Include="pch.cpp">
      <Filter>Source Files</Filter>
    </ClCompile>
    <ClCompile Include="TestScene.cpp">
      <Filter>Scenes</Filter>
    </ClCompile>
    <ClCompile Include="GameScenes.cpp">
      <Filter>Scenes</Filter>
    </ClCompile>
    <ClCompile Include="TitleScreenScene.cpp">
      <Filter>Scenes</Filter>
    </ClCompile>
    <ClCompile Include="Main.cpp">
      <Filter>Game</Filter>
    </ClCompile>
    <ClCompile Include="Game.cpp">
      <Filter>Game</Filter>
    </ClCompile>
  </ItemGroup>
</Project>